// !$*UTF8*$!
{
	archiveVersion = 1;
	classes = {
	};
	objectVersion = 50;
	objects = {

/* Begin PBXBuildFile section */
		D3711305267CCFAF00E89173 /* WebsocketLauncher.framework in Frameworks */ = {isa = PBXBuildFile; fileRef = D3711303267CCFAB00E89173 /* WebsocketLauncher.framework */; };
		D3711306267CCFAF00E89173 /* WebsocketLauncher.framework in Embed Frameworks */ = {isa = PBXBuildFile; fileRef = D3711303267CCFAB00E89173 /* WebsocketLauncher.framework */; settings = {ATTRIBUTES = (CodeSignOnCopy, RemoveHeadersOnCopy, ); }; };
		D395D3BB267A30A30042FAC3 /* AppDelegate.swift in Sources */ = {isa = PBXBuildFile; fileRef = D395D3BA267A30A30042FAC3 /* AppDelegate.swift */; };
		D395D3BD267A30A30042FAC3 /* SceneDelegate.swift in Sources */ = {isa = PBXBuildFile; fileRef = D395D3BC267A30A30042FAC3 /* SceneDelegate.swift */; };
		D395D3BF267A30A30042FAC3 /* ViewController.swift in Sources */ = {isa = PBXBuildFile; fileRef = D395D3BE267A30A30042FAC3 /* ViewController.swift */; };
		D395D3C2267A30A30042FAC3 /* Main.storyboard in Resources */ = {isa = PBXBuildFile; fileRef = D395D3C0267A30A30042FAC3 /* Main.storyboard */; };
		D395D3C4267A30A40042FAC3 /* Assets.xcassets in Resources */ = {isa = PBXBuildFile; fileRef = D395D3C3267A30A40042FAC3 /* Assets.xcassets */; };
		D395D3C7267A30A40042FAC3 /* LaunchScreen.storyboard in Resources */ = {isa = PBXBuildFile; fileRef = D395D3C5267A30A40042FAC3 /* LaunchScreen.storyboard */; };
		D395D3DA267A359D0042FAC3 /* LaunchedViewController.swift in Sources */ = {isa = PBXBuildFile; fileRef = D395D3D9267A359D0042FAC3 /* LaunchedViewController.swift */; };
/* End PBXBuildFile section */

/* Begin PBXCopyFilesBuildPhase section */
		D395D3D2267A31150042FAC3 /* Embed Frameworks */ = {
			isa = PBXCopyFilesBuildPhase;
			buildActionMask = 2147483647;
			dstPath = "";
			dstSubfolderSpec = 10;
			files = (
				D3711306267CCFAF00E89173 /* WebsocketLauncher.framework in Embed Frameworks */,
			);
			name = "Embed Frameworks";
			runOnlyForDeploymentPostprocessing = 0;
		};
/* End PBXCopyFilesBuildPhase section */

/* Begin PBXFileReference section */
		D3711303267CCFAB00E89173 /* WebsocketLauncher.framework */ = {isa = PBXFileReference; lastKnownFileType = wrapper.framework; path = WebsocketLauncher.framework; sourceTree = "<group>"; };
		D395D3B7267A30A30042FAC3 /* WebsocketApp.app */ = {isa = PBXFileReference; explicitFileType = wrapper.application; includeInIndex = 0; path = WebsocketApp.app; sourceTree = BUILT_PRODUCTS_DIR; };
		D395D3BA267A30A30042FAC3 /* AppDelegate.swift */ = {isa = PBXFileReference; lastKnownFileType = sourcecode.swift; path = AppDelegate.swift; sourceTree = "<group>"; };
		D395D3BC267A30A30042FAC3 /* SceneDelegate.swift */ = {isa = PBXFileReference; lastKnownFileType = sourcecode.swift; path = SceneDelegate.swift; sourceTree = "<group>"; };
		D395D3BE267A30A30042FAC3 /* ViewController.swift */ = {isa = PBXFileReference; lastKnownFileType = sourcecode.swift; path = ViewController.swift; sourceTree = "<group>"; };
		D395D3C1267A30A30042FAC3 /* Base */ = {isa = PBXFileReference; lastKnownFileType = file.storyboard; name = Base; path = Base.lproj/Main.storyboard; sourceTree = "<group>"; };
		D395D3C3267A30A40042FAC3 /* Assets.xcassets */ = {isa = PBXFileReference; lastKnownFileType = folder.assetcatalog; path = Assets.xcassets; sourceTree = "<group>"; };
		D395D3C6267A30A40042FAC3 /* Base */ = {isa = PBXFileReference; lastKnownFileType = file.storyboard; name = Base; path = Base.lproj/LaunchScreen.storyboard; sourceTree = "<group>"; };
		D395D3C8267A30A40042FAC3 /* Info.plist */ = {isa = PBXFileReference; lastKnownFileType = text.plist.xml; path = Info.plist; sourceTree = "<group>"; };
		D395D3D9267A359D0042FAC3 /* LaunchedViewController.swift */ = {isa = PBXFileReference; lastKnownFileType = sourcecode.swift; path = LaunchedViewController.swift; sourceTree = "<group>"; };
/* End PBXFileReference section */

/* Begin PBXFrameworksBuildPhase section */
		D395D3B4267A30A30042FAC3 /* Frameworks */ = {
			isa = PBXFrameworksBuildPhase;
			buildActionMask = 2147483647;
			files = (
				D3711305267CCFAF00E89173 /* WebsocketLauncher.framework in Frameworks */,
			);
			runOnlyForDeploymentPostprocessing = 0;
		};
/* End PBXFrameworksBuildPhase section */

/* Begin PBXGroup section */
		D395D3AE267A30A30042FAC3 = {
			isa = PBXGroup;
			children = (
				D395D3B9267A30A30042FAC3 /* WebsocketApp */,
				D395D3B8267A30A30042FAC3 /* Products */,
			);
			sourceTree = "<group>";
		};
		D395D3B8267A30A30042FAC3 /* Products */ = {
			isa = PBXGroup;
			children = (
				D395D3B7267A30A30042FAC3 /* WebsocketApp.app */,
			);
			name = Products;
			sourceTree = "<group>";
		};
		D395D3B9267A30A30042FAC3 /* WebsocketApp */ = {
			isa = PBXGroup;
			children = (
				D3711303267CCFAB00E89173 /* WebsocketLauncher.framework */,
				D395D3BA267A30A30042FAC3 /* AppDelegate.swift */,
				D395D3BC267A30A30042FAC3 /* SceneDelegate.swift */,
				D395D3BE267A30A30042FAC3 /* ViewController.swift */,
				D395D3C0267A30A30042FAC3 /* Main.storyboard */,
				D395D3C3267A30A40042FAC3 /* Assets.xcassets */,
				D395D3C5267A30A40042FAC3 /* LaunchScreen.storyboard */,
				D395D3C8267A30A40042FAC3 /* Info.plist */,
				D395D3D9267A359D0042FAC3 /* LaunchedViewController.swift */,
			);
			path = WebsocketApp;
			sourceTree = "<group>";
		};
/* End PBXGroup section */

/* Begin PBXNativeTarget section */
		D395D3B6267A30A30042FAC3 /* WebsocketApp */ = {
			isa = PBXNativeTarget;
			buildConfigurationList = D395D3CB267A30A40042FAC3 /* Build configuration list for PBXNativeTarget "WebsocketApp" */;
			buildPhases = (
				D395D3B3267A30A30042FAC3 /* Sources */,
				D395D3B4267A30A30042FAC3 /* Frameworks */,
				D395D3B5267A30A30042FAC3 /* Resources */,
				D395D3D2267A31150042FAC3 /* Embed Frameworks */,
			);
			buildRules = (
			);
			dependencies = (
			);
			name = WebsocketApp;
			productName = WebsocketApp;
			productReference = D395D3B7267A30A30042FAC3 /* WebsocketApp.app */;
			productType = "com.apple.product-type.application";
		};
/* End PBXNativeTarget section */

/* Begin PBXProject section */
		D395D3AF267A30A30042FAC3 /* Project object */ = {
			isa = PBXProject;
			attributes = {
				LastSwiftUpdateCheck = 1250;
				LastUpgradeCheck = 1250;
				TargetAttributes = {
					D395D3B6267A30A30042FAC3 = {
						CreatedOnToolsVersion = 12.5;
					};
				};
			};
			buildConfigurationList = D395D3B2267A30A30042FAC3 /* Build configuration list for PBXProject "WebsocketApp" */;
			compatibilityVersion = "Xcode 9.3";
			developmentRegion = en;
			hasScannedForEncodings = 0;
			knownRegions = (
				en,
				Base,
			);
			mainGroup = D395D3AE267A30A30042FAC3;
			productRefGroup = D395D3B8267A30A30042FAC3 /* Products */;
			projectDirPath = "";
			projectRoot = "";
			targets = (
				D395D3B6267A30A30042FAC3 /* WebsocketApp */,
			);
		};
/* End PBXProject section */

/* Begin PBXResourcesBuildPhase section */
		D395D3B5267A30A30042FAC3 /* Resources */ = {
			isa = PBXResourcesBuildPhase;
			buildActionMask = 2147483647;
			files = (
				D395D3C7267A30A40042FAC3 /* LaunchScreen.storyboard in Resources */,
				D395D3C4267A30A40042FAC3 /* Assets.xcassets in Resources */,
				D395D3C2267A30A30042FAC3 /* Main.storyboard in Resources */,
			);
			runOnlyForDeploymentPostprocessing = 0;
		};
/* End PBXResourcesBuildPhase section */

/* Begin PBXSourcesBuildPhase section */
		D395D3B3267A30A30042FAC3 /* Sources */ = {
			isa = PBXSourcesBuildPhase;
			buildActionMask = 2147483647;
			files = (
				D395D3BF267A30A30042FAC3 /* ViewController.swift in Sources */,
				D395D3BB267A30A30042FAC3 /* AppDelegate.swift in Sources */,
				D395D3DA267A359D0042FAC3 /* LaunchedViewController.swift in Sources */,
				D395D3BD267A30A30042FAC3 /* SceneDelegate.swift in Sources */,
			);
			runOnlyForDeploymentPostprocessing = 0;
		};
/* End PBXSourcesBuildPhase section */

/* Begin PBXVariantGroup section */
		D395D3C0267A30A30042FAC3 /* Main.storyboard */ = {
			isa = PBXVariantGroup;
			children = (
				D395D3C1267A30A30042FAC3 /* Base */,
			);
			name = Main.storyboard;
			sourceTree = "<group>";
		};
		D395D3C5267A30A40042FAC3 /* LaunchScreen.storyboard */ = {
			isa = PBXVariantGroup;
			children = (
				D395D3C6267A30A40042FAC3 /* Base */,
			);
			name = LaunchScreen.storyboard;
			sourceTree = "<group>";
		};
/* End PBXVariantGroup section */

/* Begin XCBuildConfiguration section */
		D395D3C9267A30A40042FAC3 /* Debug */ = {
			isa = XCBuildConfiguration;
			buildSettings = {
				ALWAYS_SEARCH_USER_PATHS = NO;
				CLANG_ANALYZER_NONNULL = YES;
				CLANG_ANALYZER_NUMBER_OBJECT_CONVERSION = YES_AGGRESSIVE;
				CLANG_CXX_LANGUAGE_STANDARD = "gnu++14";
				CLANG_CXX_LIBRARY = "libc++";
				CLANG_ENABLE_MODULES = YES;
				CLANG_ENABLE_OBJC_ARC = YES;
				CLANG_ENABLE_OBJC_WEAK = YES;
				CLANG_WARN_BLOCK_CAPTURE_AUTORELEASING = YES;
				CLANG_WARN_BOOL_CONVERSION = YES;
				CLANG_WARN_COMMA = YES;
				CLANG_WARN_CONSTANT_CONVERSION = YES;
				CLANG_WARN_DEPRECATED_OBJC_IMPLEMENTATIONS = YES;
				CLANG_WARN_DIRECT_OBJC_ISA_USAGE = YES_ERROR;
				CLANG_WARN_DOCUMENTATION_COMMENTS = YES;
				CLANG_WARN_EMPTY_BODY = YES;
				CLANG_WARN_ENUM_CONVERSION = YES;
				CLANG_WARN_INFINITE_RECURSION = YES;
				CLANG_WARN_INT_CONVERSION = YES;
				CLANG_WARN_NON_LITERAL_NULL_CONVERSION = YES;
				CLANG_WARN_OBJC_IMPLICIT_RETAIN_SELF = YES;
				CLANG_WARN_OBJC_LITERAL_CONVERSION = YES;
				CLANG_WARN_OBJC_ROOT_CLASS = YES_ERROR;
				CLANG_WARN_QUOTED_INCLUDE_IN_FRAMEWORK_HEADER = YES;
				CLANG_WARN_RANGE_LOOP_ANALYSIS = YES;
				CLANG_WARN_STRICT_PROTOTYPES = YES;
				CLANG_WARN_SUSPICIOUS_MOVE = YES;
				CLANG_WARN_UNGUARDED_AVAILABILITY = YES_AGGRESSIVE;
				CLANG_WARN_UNREACHABLE_CODE = YES;
				CLANG_WARN__DUPLICATE_METHOD_MATCH = YES;
				COPY_PHASE_STRIP = NO;
				DEBUG_INFORMATION_FORMAT = dwarf;
				ENABLE_STRICT_OBJC_MSGSEND = YES;
				ENABLE_TESTABILITY = YES;
				GCC_C_LANGUAGE_STANDARD = gnu11;
				GCC_DYNAMIC_NO_PIC = NO;
				GCC_NO_COMMON_BLOCKS = YES;
				GCC_OPTIMIZATION_LEVEL = 0;
				GCC_PREPROCESSOR_DEFINITIONS = (
					"DEBUG=1",
					"$(inherited)",
				);
				GCC_WARN_64_TO_32_BIT_CONVERSION = YES;
				GCC_WARN_ABOUT_RETURN_TYPE = YES_ERROR;
				GCC_WARN_UNDECLARED_SELECTOR = YES;
				GCC_WARN_UNINITIALIZED_AUTOS = YES_AGGRESSIVE;
				GCC_WARN_UNUSED_FUNCTION = YES;
				GCC_WARN_UNUSED_VARIABLE = YES;
				IPHONEOS_DEPLOYMENT_TARGET = 13.0;
				MTL_ENABLE_DEBUG_INFO = INCLUDE_SOURCE;
				MTL_FAST_MATH = YES;
				ONLY_ACTIVE_ARCH = YES;
				SDKROOT = iphoneos;
				SWIFT_ACTIVE_COMPILATION_CONDITIONS = DEBUG;
				SWIFT_OPTIMIZATION_LEVEL = "-Onone";
			};
			name = Debug;
		};
		D395D3CA267A30A40042FAC3 /* Release */ = {
			isa = XCBuildConfiguration;
			buildSettings = {
				ALWAYS_SEARCH_USER_PATHS = NO;
				CLANG_ANALYZER_NONNULL = YES;
				CLANG_ANALYZER_NUMBER_OBJECT_CONVERSION = YES_AGGRESSIVE;
				CLANG_CXX_LANGUAGE_STANDARD = "gnu++14";
				CLANG_CXX_LIBRARY = "libc++";
				CLANG_ENABLE_MODULES = YES;
				CLANG_ENABLE_OBJC_ARC = YES;
				CLANG_ENABLE_OBJC_WEAK = YES;
				CLANG_WARN_BLOCK_CAPTURE_AUTORELEASING = YES;
				CLANG_WARN_BOOL_CONVERSION = YES;
				CLANG_WARN_COMMA = YES;
				CLANG_WARN_CONSTANT_CONVERSION = YES;
				CLANG_WARN_DEPRECATED_OBJC_IMPLEMENTATIONS = YES;
				CLANG_WARN_DIRECT_OBJC_ISA_USAGE = YES_ERROR;
				CLANG_WARN_DOCUMENTATION_COMMENTS = YES;
				CLANG_WARN_EMPTY_BODY = YES;
				CLANG_WARN_ENUM_CONVERSION = YES;
				CLANG_WARN_INFINITE_RECURSION = YES;
				CLANG_WARN_INT_CONVERSION = YES;
				CLANG_WARN_NON_LITERAL_NULL_CONVERSION = YES;
				CLANG_WARN_OBJC_IMPLICIT_RETAIN_SELF = YES;
				CLANG_WARN_OBJC_LITERAL_CONVERSION = YES;
				CLANG_WARN_OBJC_ROOT_CLASS = YES_ERROR;
				CLANG_WARN_QUOTED_INCLUDE_IN_FRAMEWORK_HEADER = YES;
				CLANG_WARN_RANGE_LOOP_ANALYSIS = YES;
				CLANG_WARN_STRICT_PROTOTYPES = YES;
				CLANG_WARN_SUSPICIOUS_MOVE = YES;
				CLANG_WARN_UNGUARDED_AVAILABILITY = YES_AGGRESSIVE;
				CLANG_WARN_UNREACHABLE_CODE = YES;
				CLANG_WARN__DUPLICATE_METHOD_MATCH = YES;
				COPY_PHASE_STRIP = NO;
				DEBUG_INFORMATION_FORMAT = "dwarf-with-dsym";
				ENABLE_NS_ASSERTIONS = NO;
				ENABLE_STRICT_OBJC_MSGSEND = YES;
				GCC_C_LANGUAGE_STANDARD = gnu11;
				GCC_NO_COMMON_BLOCKS = YES;
				GCC_WARN_64_TO_32_BIT_CONVERSION = YES;
				GCC_WARN_ABOUT_RETURN_TYPE = YES_ERROR;
				GCC_WARN_UNDECLARED_SELECTOR = YES;
				GCC_WARN_UNINITIALIZED_AUTOS = YES_AGGRESSIVE;
				GCC_WARN_UNUSED_FUNCTION = YES;
				GCC_WARN_UNUSED_VARIABLE = YES;
				IPHONEOS_DEPLOYMENT_TARGET = 13.0;
				MTL_ENABLE_DEBUG_INFO = NO;
				MTL_FAST_MATH = YES;
				SDKROOT = iphoneos;
				SWIFT_COMPILATION_MODE = wholemodule;
				SWIFT_OPTIMIZATION_LEVEL = "-O";
				VALIDATE_PRODUCT = YES;
			};
			name = Release;
		};
		D395D3CC267A30A40042FAC3 /* Debug */ = {
			isa = XCBuildConfiguration;
			buildSettings = {
				ASSETCATALOG_COMPILER_APPICON_NAME = AppIcon;
				ASSETCATALOG_COMPILER_GLOBAL_ACCENT_COLOR_NAME = AccentColor;
				CODE_SIGN_STYLE = Automatic;
				DEVELOPMENT_TEAM = FFXBV4LHU8;
				FRAMEWORK_SEARCH_PATHS = (
					"$(inherited)",
					"$(PROJECT_DIR)/WebsocketApp",
				);
				INFOPLIST_FILE = WebsocketApp/Info.plist;
				IPHONEOS_DEPLOYMENT_TARGET = 13.0;
				LD_RUNPATH_SEARCH_PATHS = (
					"$(inherited)",
					"@executable_path/Frameworks",
				);
				PRODUCT_BUNDLE_IDENTIFIER = tusharkalra.WebsocketApp;
				PRODUCT_NAME = "$(TARGET_NAME)";
				SWIFT_VERSION = 5.0;
				TARGETED_DEVICE_FAMILY = "1,2";
			};
			name = Debug;
		};
		D395D3CD267A30A40042FAC3 /* Release */ = {
			isa = XCBuildConfiguration;
			buildSettings = {
				ASSETCATALOG_COMPILER_APPICON_NAME = AppIcon;
				ASSETCATALOG_COMPILER_GLOBAL_ACCENT_COLOR_NAME = AccentColor;
				CODE_SIGN_STYLE = Automatic;
				DEVELOPMENT_TEAM = FFXBV4LHU8;
				FRAMEWORK_SEARCH_PATHS = (
					"$(inherited)",
					"$(PROJECT_DIR)/WebsocketApp",
				);
				INFOPLIST_FILE = WebsocketApp/Info.plist;
				IPHONEOS_DEPLOYMENT_TARGET = 13.0;
				LD_RUNPATH_SEARCH_PATHS = (
					"$(inherited)",
					"@executable_path/Frameworks",
				);
				PRODUCT_BUNDLE_IDENTIFIER = tusharkalra.WebsocketApp;
				PRODUCT_NAME = "$(TARGET_NAME)";
				SWIFT_VERSION = 5.0;
				TARGETED_DEVICE_FAMILY = "1,2";
			};
			name = Release;
		};
/* End XCBuildConfiguration section */

/* Begin XCConfigurationList section */
		D395D3B2267A30A30042FAC3 /* Build configuration list for PBXProject "WebsocketApp" */ = {
			isa = XCConfigurationList;
			buildConfigurations = (
				D395D3C9267A30A40042FAC3 /* Debug */,
				D395D3CA267A30A40042FAC3 /* Release */,
			);
			defaultConfigurationIsVisible = 0;
			defaultConfigurationName = Release;
		};
		D395D3CB267A30A40042FAC3 /* Build configuration list for PBXNativeTarget "WebsocketApp" */ = {
			isa = XCConfigurationList;
			buildConfigurations = (
				D395D3CC267A30A40042FAC3 /* Debug */,
				D395D3CD267A30A40042FAC3 /* Release */,
			);
			defaultConfigurationIsVisible = 0;
			defaultConfigurationName = Release;
		};
/* End XCConfigurationList section */
	};
	rootObject = D395D3AF267A30A30042FAC3 /* Project object */;
}
